
Microsoft Visual Studio Solution File, Format Version 12.00
# Visual Studio Version 16
VisualStudioVersion = 16.0.30907.101
MinimumVisualStudioVersion = 10.0.40219.1
Project("{FAE04EC0-301F-11D3-BF4B-00C04F79EFBC}") = "ClassMethodDemo", "ClassMethodDemo\ClassMethodDemo.csproj", "{E8B15E3D-B4A3-418F-8AE1-C7F349A4CE40}"
EndProject
Global
	GlobalSection(SolutionConfigurationPlatforms) = preSolution
		Debug|Any CPU = Debug|Any CPU
		Release|Any CPU = Release|Any CPU
	EndGlobalSection
	GlobalSection(ProjectConfigurationPlatforms) = postSolution
		{E8B15E3D-B4A3-418F-8AE1-C7F349A4CE40}.Debug|Any CPU.ActiveCfg = Debug|Any CPU
		{E8B15E3D-B4A3-418F-8AE1-C7F349A4CE40}.Debug|Any CPU.Build.0 = Debug|Any CPU
		{E8B15E3D-B4A3-418F-8AE1-C7F349A4CE40}.Release|Any CPU.ActiveCfg = Release|Any CPU
		{E8B15E3D-B4A3-418F-8AE1-C7F349A4CE40}.Release|Any CPU.Build.0 = Release|Any CPU
	EndGlobalSection
	GlobalSection(SolutionProperties) = preSolution
		HideSolutionNode = FALSE
	EndGlobalSection
	GlobalSection(ExtensibilityGlobals) = postSolution
		SolutionGuid = {7BC8281A-C57F-4EE5-8C7F-7F89647CBBD9}
	EndGlobalSection
EndGlobal
