
Microsoft Visual Studio Solution File, Format Version 12.00
# Visual Studio 15
VisualStudioVersion = 15.0.27004.2002
MinimumVisualStudioVersion = 10.0.40219.1
Project("{FAE04EC0-301F-11D3-BF4B-00C04F79EFBC}") = "Northwind.Entities", "Northwind.Entities\Northwind.Entities.csproj", "{9FF3430C-991A-47E9-898E-7FB8AD344805}"
EndProject
Project("{FAE04EC0-301F-11D3-BF4B-00C04F79EFBC}") = "Northwind.DataAccess", "Northwind.DataAccess\Northwind.DataAccess.csproj", "{DEBE4620-77A5-4501-B0D3-40FA998559A7}"
EndProject
Project("{FAE04EC0-301F-11D3-BF4B-00C04F79EFBC}") = "Northwind.Business", "Northwind.Business\Northwind.Business.csproj", "{7638F1AA-3D0C-4614-A5C2-63CCD1008C3C}"
EndProject
Project("{FAE04EC0-301F-11D3-BF4B-00C04F79EFBC}") = "Northwind.WebFormsUI", "Northwind.WebFormsUI\Northwind.WebFormsUI.csproj", "{9BA98DE3-B10B-4BEE-9785-5F66E0420C3D}"
EndProject
Global
	GlobalSection(SolutionConfigurationPlatforms) = preSolution
		Debug|Any CPU = Debug|Any CPU
		Release|Any CPU = Release|Any CPU
	EndGlobalSection
	GlobalSection(ProjectConfigurationPlatforms) = postSolution
		{9FF3430C-991A-47E9-898E-7FB8AD344805}.Debug|Any CPU.ActiveCfg = Debug|Any CPU
		{9FF3430C-991A-47E9-898E-7FB8AD344805}.Debug|Any CPU.Build.0 = Debug|Any CPU
		{9FF3430C-991A-47E9-898E-7FB8AD344805}.Release|Any CPU.ActiveCfg = Release|Any CPU
		{9FF3430C-991A-47E9-898E-7FB8AD344805}.Release|Any CPU.Build.0 = Release|Any CPU
		{DEBE4620-77A5-4501-B0D3-40FA998559A7}.Debug|Any CPU.ActiveCfg = Debug|Any CPU
		{DEBE4620-77A5-4501-B0D3-40FA998559A7}.Debug|Any CPU.Build.0 = Debug|Any CPU
		{DEBE4620-77A5-4501-B0D3-40FA998559A7}.Release|Any CPU.ActiveCfg = Release|Any CPU
		{DEBE4620-77A5-4501-B0D3-40FA998559A7}.Release|Any CPU.Build.0 = Release|Any CPU
		{7638F1AA-3D0C-4614-A5C2-63CCD1008C3C}.Debug|Any CPU.ActiveCfg = Debug|Any CPU
		{7638F1AA-3D0C-4614-A5C2-63CCD1008C3C}.Debug|Any CPU.Build.0 = Debug|Any CPU
		{7638F1AA-3D0C-4614-A5C2-63CCD1008C3C}.Release|Any CPU.ActiveCfg = Release|Any CPU
		{7638F1AA-3D0C-4614-A5C2-63CCD1008C3C}.Release|Any CPU.Build.0 = Release|Any CPU
		{9BA98DE3-B10B-4BEE-9785-5F66E0420C3D}.Debug|Any CPU.ActiveCfg = Debug|Any CPU
		{9BA98DE3-B10B-4BEE-9785-5F66E0420C3D}.Debug|Any CPU.Build.0 = Debug|Any CPU
		{9BA98DE3-B10B-4BEE-9785-5F66E0420C3D}.Release|Any CPU.ActiveCfg = Release|Any CPU
		{9BA98DE3-B10B-4BEE-9785-5F66E0420C3D}.Release|Any CPU.Build.0 = Release|Any CPU
	EndGlobalSection
	GlobalSection(SolutionProperties) = preSolution
		HideSolutionNode = FALSE
	EndGlobalSection
	GlobalSection(ExtensibilityGlobals) = postSolution
		SolutionGuid = {FCC4D982-63D4-4DF7-B289-3965101A549C}
	EndGlobalSection
EndGlobal
