
Microsoft Visual Studio Solution File, Format Version 12.00
# Visual Studio Version 16
VisualStudioVersion = 16.0.31205.134
MinimumVisualStudioVersion = 10.0.40219.1
Project("{FAE04EC0-301F-11D3-BF4B-00C04F79EFBC}") = "MernisCoffeShop", "MernisCoffeShop.csproj", "{BF2B9CD7-A514-4015-8D1D-B758D3698998}"
EndProject
Global
	GlobalSection(SolutionConfigurationPlatforms) = preSolution
		Debug|Any CPU = Debug|Any CPU
		Release|Any CPU = Release|Any CPU
	EndGlobalSection
	GlobalSection(ProjectConfigurationPlatforms) = postSolution
		{BF2B9CD7-A514-4015-8D1D-B758D3698998}.Debug|Any CPU.ActiveCfg = Debug|Any CPU
		{BF2B9CD7-A514-4015-8D1D-B758D3698998}.Debug|Any CPU.Build.0 = Debug|Any CPU
		{BF2B9CD7-A514-4015-8D1D-B758D3698998}.Release|Any CPU.ActiveCfg = Release|Any CPU
		{BF2B9CD7-A514-4015-8D1D-B758D3698998}.Release|Any CPU.Build.0 = Release|Any CPU
	EndGlobalSection
	GlobalSection(SolutionProperties) = preSolution
		HideSolutionNode = FALSE
	EndGlobalSection
	GlobalSection(ExtensibilityGlobals) = postSolution
		SolutionGuid = {A320EB9E-36FF-4E46-8CED-CC3A2EDFA5C3}
	EndGlobalSection
EndGlobal
