
Microsoft Visual Studio Solution File, Format Version 12.00
# Visual Studio Version 16
VisualStudioVersion = 16.0.30907.101
MinimumVisualStudioVersion = 10.0.40219.1
Project("{FAE04EC0-301F-11D3-BF4B-00C04F79EFBC}") = "GameServices", "GameServices\GameServices.csproj", "{DCCEAEC7-94A4-4875-AB06-62D4DCAE856E}"
EndProject
Global
	GlobalSection(SolutionConfigurationPlatforms) = preSolution
		Debug|Any CPU = Debug|Any CPU
		Release|Any CPU = Release|Any CPU
	EndGlobalSection
	GlobalSection(ProjectConfigurationPlatforms) = postSolution
		{DCCEAEC7-94A4-4875-AB06-62D4DCAE856E}.Debug|Any CPU.ActiveCfg = Debug|Any CPU
		{DCCEAEC7-94A4-4875-AB06-62D4DCAE856E}.Debug|Any CPU.Build.0 = Debug|Any CPU
		{DCCEAEC7-94A4-4875-AB06-62D4DCAE856E}.Release|Any CPU.ActiveCfg = Release|Any CPU
		{DCCEAEC7-94A4-4875-AB06-62D4DCAE856E}.Release|Any CPU.Build.0 = Release|Any CPU
	EndGlobalSection
	GlobalSection(SolutionProperties) = preSolution
		HideSolutionNode = FALSE
	EndGlobalSection
	GlobalSection(ExtensibilityGlobals) = postSolution
		SolutionGuid = {E557C1F2-7995-4081-A1B7-5E5C39713810}
	EndGlobalSection
EndGlobal
