
Microsoft Visual Studio Solution File, Format Version 12.00
# Visual Studio Version 16
VisualStudioVersion = 16.0.30907.101
MinimumVisualStudioVersion = 10.0.40219.1
Project("{FAE04EC0-301F-11D3-BF4B-00C04F79EFBC}") = "DictionaryAssignment", "DictionaryAssignment\DictionaryAssignment.csproj", "{F93D4220-8752-4F6E-8C1F-1F2AF4F1355C}"
EndProject
Global
	GlobalSection(SolutionConfigurationPlatforms) = preSolution
		Debug|Any CPU = Debug|Any CPU
		Release|Any CPU = Release|Any CPU
	EndGlobalSection
	GlobalSection(ProjectConfigurationPlatforms) = postSolution
		{F93D4220-8752-4F6E-8C1F-1F2AF4F1355C}.Debug|Any CPU.ActiveCfg = Debug|Any CPU
		{F93D4220-8752-4F6E-8C1F-1F2AF4F1355C}.Debug|Any CPU.Build.0 = Debug|Any CPU
		{F93D4220-8752-4F6E-8C1F-1F2AF4F1355C}.Release|Any CPU.ActiveCfg = Release|Any CPU
		{F93D4220-8752-4F6E-8C1F-1F2AF4F1355C}.Release|Any CPU.Build.0 = Release|Any CPU
	EndGlobalSection
	GlobalSection(SolutionProperties) = preSolution
		HideSolutionNode = FALSE
	EndGlobalSection
	GlobalSection(ExtensibilityGlobals) = postSolution
		SolutionGuid = {602040CA-268C-4163-8E68-EF25071A6121}
	EndGlobalSection
EndGlobal
